PODS:
  - Alamofire (4.4.0)
  - Kingfisher (3.5.2)
  - PageMenu (2.0.0)
  - Realm (2.4.4):
    - Realm/Headers (= 2.4.4)
  - Realm/Headers (2.4.4)
  - RealmSwift (2.4.4):
    - Realm (= 2.4.4)
  - SnapKit (3.2.0)
  - SwiftyJSON (3.1.4)

DEPENDENCIES:
  - Alamofire
  - Kingfisher
  - PageMenu
  - RealmSwift
  - SnapKit
  - SwiftyJSON

SPEC CHECKSUMS:
  Alamofire: dc44b1600b800eb63da6a19039a0083d62a6a62d
  Kingfisher: 9950e382c500b6834ce004c7c4131c444e90c3a1
  PageMenu: 9c38fd7e0d9ef4b1408320f55bb907bbc0e538dc
  Realm: 5a280a1f5a9a3c267bebf4f41ee47911137703d7
  RealmSwift: 0c02b9f2d4be4301c497ed10e53a0580584eb1dd
  SnapKit: 1ca44df72cfa543218d177cb8aab029d10d86ea7
  SwiftyJSON: c2842d878f95482ffceec5709abc3d05680c0220

PODFILE CHECKSUM: 4c896c5b3427bfdc309446123d2afe6f223b1254

COCOAPODS: 1.2.0
